
Microsoft Visual Studio Solution File, Format Version 12.00
# Visual Studio Version 16
VisualStudioVersion = 16.0.31729.503
MinimumVisualStudioVersion = 10.0.40219.1
Project("{FAE04EC0-301F-11D3-BF4B-00C04F79EFBC}") = "Demo_WebApp_Cors", "Demo_WebApp_Core\Demo_WebApp_Cors.csproj", "{BA2EB5F9-3D22-4F57-95B6-8EAA941CF5E9}"
EndProject
Global
	GlobalSection(SolutionConfigurationPlatforms) = preSolution
		Debug|Any CPU = Debug|Any CPU
		Release|Any CPU = Release|Any CPU
	EndGlobalSection
	GlobalSection(ProjectConfigurationPlatforms) = postSolution
		{BA2EB5F9-3D22-4F57-95B6-8EAA941CF5E9}.Debug|Any CPU.ActiveCfg = Debug|Any CPU
		{BA2EB5F9-3D22-4F57-95B6-8EAA941CF5E9}.Debug|Any CPU.Build.0 = Debug|Any CPU
		{BA2EB5F9-3D22-4F57-95B6-8EAA941CF5E9}.Release|Any CPU.ActiveCfg = Release|Any CPU
		{BA2EB5F9-3D22-4F57-95B6-8EAA941CF5E9}.Release|Any CPU.Build.0 = Release|Any CPU
	EndGlobalSection
	GlobalSection(SolutionProperties) = preSolution
		HideSolutionNode = FALSE
	EndGlobalSection
	GlobalSection(ExtensibilityGlobals) = postSolution
		SolutionGuid = {5661A349-520A-431B-9771-75F756208B04}
	EndGlobalSection
EndGlobal
